
Microsoft Visual Studio Solution File, Format Version 12.00
# Visual Studio 15
VisualStudioVersion = 15.0.28307.572
MinimumVisualStudioVersion = 10.0.40219.1
Project("{FAE04EC0-301F-11D3-BF4B-00C04F79EFBC}") = "Chesstube.Win64", "Chesstube.Win64\Chesstube.Win64.csproj", "{54A6AB96-F1F8-4A41-AE4E-1A4EAA845144}"
EndProject
Global
	GlobalSection(SolutionConfigurationPlatforms) = preSolution
		Debug|Any CPU = Debug|Any CPU
		Release|Any CPU = Release|Any CPU
	EndGlobalSection
	GlobalSection(ProjectConfigurationPlatforms) = postSolution
		{54A6AB96-F1F8-4A41-AE4E-1A4EAA845144}.Debug|Any CPU.ActiveCfg = Debug|Any CPU
		{54A6AB96-F1F8-4A41-AE4E-1A4EAA845144}.Debug|Any CPU.Build.0 = Debug|Any CPU
		{54A6AB96-F1F8-4A41-AE4E-1A4EAA845144}.Release|Any CPU.ActiveCfg = Release|Any CPU
		{54A6AB96-F1F8-4A41-AE4E-1A4EAA845144}.Release|Any CPU.Build.0 = Release|Any CPU
	EndGlobalSection
	GlobalSection(SolutionProperties) = preSolution
		HideSolutionNode = FALSE
	EndGlobalSection
	GlobalSection(ExtensibilityGlobals) = postSolution
		SolutionGuid = {A2D41193-ADA1-4146-A386-5AF3550D6D08}
	EndGlobalSection
EndGlobal
